
Microsoft Visual Studio Solution File, Format Version 12.00
# Visual Studio 15
VisualStudioVersion = 15.0.26114.2
MinimumVisualStudioVersion = 10.0.40219.1
Project("{9A19103F-16F7-4668-BE54-9A1E7A4F7556}") = "RserveCLI2", "RserveCLI2.csproj", "{9BCC1A07-126C-4B24-904A-C0F0D9DCC420}"
EndProject
Global
	GlobalSection(SolutionConfigurationPlatforms) = preSolution
		Debug|Any CPU = Debug|Any CPU
		Release|Any CPU = Release|Any CPU
	EndGlobalSection
	GlobalSection(ProjectConfigurationPlatforms) = postSolution
		{9BCC1A07-126C-4B24-904A-C0F0D9DCC420}.Debug|Any CPU.ActiveCfg = Debug|Any CPU
		{9BCC1A07-126C-4B24-904A-C0F0D9DCC420}.Debug|Any CPU.Build.0 = Debug|Any CPU
		{9BCC1A07-126C-4B24-904A-C0F0D9DCC420}.Release|Any CPU.ActiveCfg = Release|Any CPU
	EndGlobalSection
	GlobalSection(SolutionProperties) = preSolution
		HideSolutionNode = FALSE
	EndGlobalSection
	GlobalSection(ExtensibilityGlobals) = postSolution
		SolutionGuid = {1CB76859-7602-469F-ADC7-8054CE1E8674}
	EndGlobalSection
	GlobalSection(MonoDevelopProperties) = preSolution
		StartupItem = RserveCLI2.csproj
	EndGlobalSection
EndGlobal
